<?xml version="1.0" encoding="utf-8"?>
<Project ToolsVersion="4.0" xmlns="http://schemas.microsoft.com/developer/msbuild/2003">
  <ItemGroup>
    <Filter Include="源文件">
      <UniqueIdentifier>{4FC737F1-C7A5-4376-A066-2A32D752A2FF}</UniqueIdentifier>
      <Extensions>cpp;c;cc;cxx;c++;cppm;ixx;def;odl;idl;hpj;bat;asm;asmx</Extensions>
    </Filter>
    <Filter Include="头文件">
      <UniqueIdentifier>{93995380-89BD-4b04-88EB-625FBE52EBFB}</UniqueIdentifier>
      <Extensions>h;hh;hpp;hxx;h++;hm;inl;inc;ipp;xsd</Extensions>
    </Filter>
    <Filter Include="资源文件">
      <UniqueIdentifier>{67DA6AB6-F800-4c08-8B7A-83BB121AAD01}</UniqueIdentifier>
      <Extensions>rc;ico;cur;bmp;dlg;rc2;rct;bin;rgs;gif;jpg;jpeg;jpe;resx;tiff;tif;png;wav;mfcribbon-ms</Extensions>
    </Filter>
    <Filter Include="Rpc">
      <UniqueIdentifier>{7276a18c-3f07-4866-b0b7-f820bf42a0a3}</UniqueIdentifier>
    </Filter>
  </ItemGroup>
  <ItemGroup>
    <Midl Include="..\Rpc\demo.idl">
      <Filter>Rpc</Filter>
    </Midl>
  </ItemGroup>
  <ItemGroup>
    <ClCompile Include="..\Rpc\rpc_memory.cpp">
      <Filter>Rpc</Filter>
    </ClCompile>
    <ClCompile Include="server.cpp">
      <Filter>源文件</Filter>
    </ClCompile>
    <ClCompile Include="..\Rpc\demo_s.c">
      <Filter>Rpc</Filter>
    </ClCompile>
    <ClCompile Include="..\Common\util.cpp">
      <Filter>源文件</Filter>
    </ClCompile>
  </ItemGroup>
  <ItemGroup>
    <ClInclude Include="..\Rpc\demo_h.h">
      <Filter>头文件</Filter>
    </ClInclude>
    <ClInclude Include="..\Common\util.h">
      <Filter>头文件</Filter>
    </ClInclude>
  </ItemGroup>
</Project>